
Microsoft Visual Studio Solution File, Format Version 12.00
# Visual Studio 2013
VisualStudioVersion = 12.0.21005.1
MinimumVisualStudioVersion = 10.0.40219.1
Project("{FAE04EC0-301F-11D3-BF4B-00C04F79EFBC}") = "Bubblespace", "Bubblespace\Bubblespace.csproj", "{C05CB577-4238-473F-980A-56BD48C11E1E}"
EndProject
Project("{FAE04EC0-301F-11D3-BF4B-00C04F79EFBC}") = "Bubblespace.Tests", "Bubblespace.Tests\Bubblespace.Tests.csproj", "{60967DC1-15AB-4F3C-A902-98CAF421B202}"
EndProject
Global
	GlobalSection(SolutionConfigurationPlatforms) = preSolution
		Debug|Any CPU = Debug|Any CPU
		Release|Any CPU = Release|Any CPU
	EndGlobalSection
	GlobalSection(ProjectConfigurationPlatforms) = postSolution
		{C05CB577-4238-473F-980A-56BD48C11E1E}.Debug|Any CPU.ActiveCfg = Debug|Any CPU
		{C05CB577-4238-473F-980A-56BD48C11E1E}.Debug|Any CPU.Build.0 = Debug|Any CPU
		{C05CB577-4238-473F-980A-56BD48C11E1E}.Release|Any CPU.ActiveCfg = Release|Any CPU
		{C05CB577-4238-473F-980A-56BD48C11E1E}.Release|Any CPU.Build.0 = Release|Any CPU
		{60967DC1-15AB-4F3C-A902-98CAF421B202}.Debug|Any CPU.ActiveCfg = Debug|Any CPU
		{60967DC1-15AB-4F3C-A902-98CAF421B202}.Debug|Any CPU.Build.0 = Debug|Any CPU
		{60967DC1-15AB-4F3C-A902-98CAF421B202}.Release|Any CPU.ActiveCfg = Release|Any CPU
		{60967DC1-15AB-4F3C-A902-98CAF421B202}.Release|Any CPU.Build.0 = Release|Any CPU
	EndGlobalSection
	GlobalSection(SolutionProperties) = preSolution
		HideSolutionNode = FALSE
	EndGlobalSection
EndGlobal
